// !$*UTF8*$!
{
	archiveVersion = 1;
	classes = {
	};
	objectVersion = 46;
	objects = {

/* Begin PBXBuildFile section */
		B201DA431B78EFA1003DBFF0 /* main.cpp in Sources */ = {isa = PBXBuildFile; fileRef = B201DA421B78EFA1003DBFF0 /* main.cpp */; };
		B201DA7C1B78EFDB003DBFF0 /* libopencv_videostab.3.0.0.dylib in Frameworks */ = {isa = PBXBuildFile; fileRef = B201DA491B78EFDB003DBFF0 /* libopencv_videostab.3.0.0.dylib */; };
		B201DA7D1B78EFDB003DBFF0 /* libopencv_videostab.3.0.0.dylib in Frameworks */ = {isa = PBXBuildFile; fileRef = B201DA4A1B78EFDB003DBFF0 /* libopencv_videostab.3.0.0.dylib */; };
		B201DA7E1B78EFDB003DBFF0 /* libopencv_videostab.3.0.0.dylib in Frameworks */ = {isa = PBXBuildFile; fileRef = B201DA4B1B78EFDB003DBFF0 /* libopencv_videostab.3.0.0.dylib */; };
		B201DA7F1B78EFDB003DBFF0 /* libopencv_calib3d.3.0.0.dylib in Frameworks */ = {isa = PBXBuildFile; fileRef = B201DA4C1B78EFDB003DBFF0 /* libopencv_calib3d.3.0.0.dylib */; };
		B201DA801B78EFDB003DBFF0 /* libopencv_calib3d.3.0.0.dylib in Frameworks */ = {isa = PBXBuildFile; fileRef = B201DA4D1B78EFDB003DBFF0 /* libopencv_calib3d.3.0.0.dylib */; };
		B201DA811B78EFDB003DBFF0 /* libopencv_calib3d.3.0.0.dylib in Frameworks */ = {isa = PBXBuildFile; fileRef = B201DA4E1B78EFDB003DBFF0 /* libopencv_calib3d.3.0.0.dylib */; };
		B201DA821B78EFDB003DBFF0 /* libopencv_features2d.3.0.0.dylib in Frameworks */ = {isa = PBXBuildFile; fileRef = B201DA4F1B78EFDB003DBFF0 /* libopencv_features2d.3.0.0.dylib */; };
		B201DA831B78EFDB003DBFF0 /* libopencv_features2d.3.0.0.dylib in Frameworks */ = {isa = PBXBuildFile; fileRef = B201DA501B78EFDB003DBFF0 /* libopencv_features2d.3.0.0.dylib */; };
		B201DA841B78EFDB003DBFF0 /* libopencv_features2d.3.0.0.dylib in Frameworks */ = {isa = PBXBuildFile; fileRef = B201DA511B78EFDB003DBFF0 /* libopencv_features2d.3.0.0.dylib */; };
		B201DA851B78EFDB003DBFF0 /* libopencv_flann.3.0.0.dylib in Frameworks */ = {isa = PBXBuildFile; fileRef = B201DA521B78EFDB003DBFF0 /* libopencv_flann.3.0.0.dylib */; };
		B201DA861B78EFDB003DBFF0 /* libopencv_flann.3.0.0.dylib in Frameworks */ = {isa = PBXBuildFile; fileRef = B201DA531B78EFDB003DBFF0 /* libopencv_flann.3.0.0.dylib */; };
		B201DA871B78EFDB003DBFF0 /* libopencv_highgui.3.0.0.dylib in Frameworks */ = {isa = PBXBuildFile; fileRef = B201DA541B78EFDB003DBFF0 /* libopencv_highgui.3.0.0.dylib */; };
		B201DA881B78EFDB003DBFF0 /* libopencv_highgui.3.0.0.dylib in Frameworks */ = {isa = PBXBuildFile; fileRef = B201DA551B78EFDB003DBFF0 /* libopencv_highgui.3.0.0.dylib */; };
		B201DA891B78EFDB003DBFF0 /* libopencv_highgui.3.0.0.dylib in Frameworks */ = {isa = PBXBuildFile; fileRef = B201DA561B78EFDB003DBFF0 /* libopencv_highgui.3.0.0.dylib */; };
		B201DA8A1B78EFDB003DBFF0 /* libopencv_imgcodecs.3.0.0.dylib in Frameworks */ = {isa = PBXBuildFile; fileRef = B201DA571B78EFDB003DBFF0 /* libopencv_imgcodecs.3.0.0.dylib */; };
		B201DA8B1B78EFDB003DBFF0 /* libopencv_imgcodecs.3.0.0.dylib in Frameworks */ = {isa = PBXBuildFile; fileRef = B201DA581B78EFDB003DBFF0 /* libopencv_imgcodecs.3.0.0.dylib */; };
		B201DA8C1B78EFDB003DBFF0 /* libopencv_imgcodecs.3.0.0.dylib in Frameworks */ = {isa = PBXBuildFile; fileRef = B201DA591B78EFDB003DBFF0 /* libopencv_imgcodecs.3.0.0.dylib */; };
		B201DA8D1B78EFDB003DBFF0 /* libopencv_imgproc.3.0.0.dylib in Frameworks */ = {isa = PBXBuildFile; fileRef = B201DA5A1B78EFDB003DBFF0 /* libopencv_imgproc.3.0.0.dylib */; };
		B201DA8E1B78EFDB003DBFF0 /* libopencv_imgproc.3.0.0.dylib in Frameworks */ = {isa = PBXBuildFile; fileRef = B201DA5B1B78EFDB003DBFF0 /* libopencv_imgproc.3.0.0.dylib */; };
		B201DA8F1B78EFDB003DBFF0 /* libopencv_imgproc.3.0.0.dylib in Frameworks */ = {isa = PBXBuildFile; fileRef = B201DA5C1B78EFDB003DBFF0 /* libopencv_imgproc.3.0.0.dylib */; };
		B201DA901B78EFDB003DBFF0 /* libopencv_ml.3.0.0.dylib in Frameworks */ = {isa = PBXBuildFile; fileRef = B201DA5D1B78EFDB003DBFF0 /* libopencv_ml.3.0.0.dylib */; };
		B201DA911B78EFDB003DBFF0 /* libopencv_ml.3.0.0.dylib in Frameworks */ = {isa = PBXBuildFile; fileRef = B201DA5E1B78EFDB003DBFF0 /* libopencv_ml.3.0.0.dylib */; };
		B201DA921B78EFDB003DBFF0 /* libopencv_ml.3.0.0.dylib in Frameworks */ = {isa = PBXBuildFile; fileRef = B201DA5F1B78EFDB003DBFF0 /* libopencv_ml.3.0.0.dylib */; };
		B201DA931B78EFDB003DBFF0 /* libopencv_objdetect.3.0.0.dylib in Frameworks */ = {isa = PBXBuildFile; fileRef = B201DA601B78EFDB003DBFF0 /* libopencv_objdetect.3.0.0.dylib */; };
		B201DA941B78EFDB003DBFF0 /* libopencv_objdetect.3.0.0.dylib in Frameworks */ = {isa = PBXBuildFile; fileRef = B201DA611B78EFDB003DBFF0 /* libopencv_objdetect.3.0.0.dylib */; };
		B201DA951B78EFDB003DBFF0 /* libopencv_objdetect.3.0.0.dylib in Frameworks */ = {isa = PBXBuildFile; fileRef = B201DA621B78EFDB003DBFF0 /* libopencv_objdetect.3.0.0.dylib */; };
		B201DA961B78EFDB003DBFF0 /* libopencv_photo.3.0.0.dylib in Frameworks */ = {isa = PBXBuildFile; fileRef = B201DA631B78EFDB003DBFF0 /* libopencv_photo.3.0.0.dylib */; };
		B201DA971B78EFDB003DBFF0 /* libopencv_photo.3.0.0.dylib in Frameworks */ = {isa = PBXBuildFile; fileRef = B201DA641B78EFDB003DBFF0 /* libopencv_photo.3.0.0.dylib */; };
		B201DA981B78EFDB003DBFF0 /* libopencv_photo.3.0.0.dylib in Frameworks */ = {isa = PBXBuildFile; fileRef = B201DA651B78EFDB003DBFF0 /* libopencv_photo.3.0.0.dylib */; };
		B201DA991B78EFDB003DBFF0 /* libopencv_shape.3.0.0.dylib in Frameworks */ = {isa = PBXBuildFile; fileRef = B201DA661B78EFDB003DBFF0 /* libopencv_shape.3.0.0.dylib */; };
		B201DA9A1B78EFDB003DBFF0 /* libopencv_shape.3.0.0.dylib in Frameworks */ = {isa = PBXBuildFile; fileRef = B201DA671B78EFDB003DBFF0 /* libopencv_shape.3.0.0.dylib */; };
		B201DA9B1B78EFDB003DBFF0 /* libopencv_shape.3.0.0.dylib in Frameworks */ = {isa = PBXBuildFile; fileRef = B201DA681B78EFDB003DBFF0 /* libopencv_shape.3.0.0.dylib */; };
		B201DA9C1B78EFDB003DBFF0 /* libopencv_stitching.3.0.0.dylib in Frameworks */ = {isa = PBXBuildFile; fileRef = B201DA691B78EFDB003DBFF0 /* libopencv_stitching.3.0.0.dylib */; };
		B201DA9D1B78EFDB003DBFF0 /* libopencv_stitching.3.0.0.dylib in Frameworks */ = {isa = PBXBuildFile; fileRef = B201DA6A1B78EFDB003DBFF0 /* libopencv_stitching.3.0.0.dylib */; };
		B201DA9E1B78EFDB003DBFF0 /* libopencv_stitching.3.0.0.dylib in Frameworks */ = {isa = PBXBuildFile; fileRef = B201DA6B1B78EFDB003DBFF0 /* libopencv_stitching.3.0.0.dylib */; };
		B201DA9F1B78EFDB003DBFF0 /* libopencv_superres.3.0.0.dylib in Frameworks */ = {isa = PBXBuildFile; fileRef = B201DA6C1B78EFDB003DBFF0 /* libopencv_superres.3.0.0.dylib */; };
		B201DAA01B78EFDB003DBFF0 /* libopencv_superres.3.0.0.dylib in Frameworks */ = {isa = PBXBuildFile; fileRef = B201DA6D1B78EFDB003DBFF0 /* libopencv_superres.3.0.0.dylib */; };
		B201DAA11B78EFDB003DBFF0 /* libopencv_superres.3.0.0.dylib in Frameworks */ = {isa = PBXBuildFile; fileRef = B201DA6E1B78EFDB003DBFF0 /* libopencv_superres.3.0.0.dylib */; };
		B201DAA21B78EFDB003DBFF0 /* libopencv_ts.a in Frameworks */ = {isa = PBXBuildFile; fileRef = B201DA6F1B78EFDB003DBFF0 /* libopencv_ts.a */; };
		B201DAA31B78EFDB003DBFF0 /* libopencv_video.3.0.0.dylib in Frameworks */ = {isa = PBXBuildFile; fileRef = B201DA701B78EFDB003DBFF0 /* libopencv_video.3.0.0.dylib */; };
		B201DAA41B78EFDB003DBFF0 /* libopencv_video.3.0.0.dylib in Frameworks */ = {isa = PBXBuildFile; fileRef = B201DA711B78EFDB003DBFF0 /* libopencv_video.3.0.0.dylib */; };
		B201DAA51B78EFDB003DBFF0 /* libopencv_video.3.0.0.dylib in Frameworks */ = {isa = PBXBuildFile; fileRef = B201DA721B78EFDB003DBFF0 /* libopencv_video.3.0.0.dylib */; };
		B201DAA61B78EFDB003DBFF0 /* libopencv_videoio.3.0.0.dylib in Frameworks */ = {isa = PBXBuildFile; fileRef = B201DA731B78EFDB003DBFF0 /* libopencv_videoio.3.0.0.dylib */; };
		B201DAA71B78EFDB003DBFF0 /* libopencv_videoio.3.0.0.dylib in Frameworks */ = {isa = PBXBuildFile; fileRef = B201DA741B78EFDB003DBFF0 /* libopencv_videoio.3.0.0.dylib */; };
		B201DAA81B78EFDB003DBFF0 /* libopencv_videoio.3.0.0.dylib in Frameworks */ = {isa = PBXBuildFile; fileRef = B201DA751B78EFDB003DBFF0 /* libopencv_videoio.3.0.0.dylib */; };
		B201DAA91B78EFDB003DBFF0 /* libopencv_core.3.0.0.dylib in Frameworks */ = {isa = PBXBuildFile; fileRef = B201DA761B78EFDB003DBFF0 /* libopencv_core.3.0.0.dylib */; };
		B201DAAA1B78EFDB003DBFF0 /* libopencv_core.3.0.0.dylib in Frameworks */ = {isa = PBXBuildFile; fileRef = B201DA771B78EFDB003DBFF0 /* libopencv_core.3.0.0.dylib */; };
		B201DAAB1B78EFDB003DBFF0 /* libopencv_core.3.0.0.dylib in Frameworks */ = {isa = PBXBuildFile; fileRef = B201DA781B78EFDB003DBFF0 /* libopencv_core.3.0.0.dylib */; };
		B201DAAC1B78EFDB003DBFF0 /* libopencv_flann.3.0.0.dylib in Frameworks */ = {isa = PBXBuildFile; fileRef = B201DA791B78EFDB003DBFF0 /* libopencv_flann.3.0.0.dylib */; };
		B201DAAD1B78EFDB003DBFF0 /* libopencv_hal.a in Frameworks */ = {isa = PBXBuildFile; fileRef = B201DA7A1B78EFDB003DBFF0 /* libopencv_hal.a */; };
/* End PBXBuildFile section */

/* Begin PBXCopyFilesBuildPhase section */
		B201DA3D1B78EFA1003DBFF0 /* CopyFiles */ = {
			isa = PBXCopyFilesBuildPhase;
			buildActionMask = 2147483647;
			dstPath = /usr/share/man/man1/;
			dstSubfolderSpec = 0;
			files = (
			);
			runOnlyForDeploymentPostprocessing = 1;
		};
/* End PBXCopyFilesBuildPhase section */

/* Begin PBXFileReference section */
		B201DA3F1B78EFA1003DBFF0 /* findContours */ = {isa = PBXFileReference; explicitFileType = "compiled.mach-o.executable"; includeInIndex = 0; path = findContours; sourceTree = BUILT_PRODUCTS_DIR; };
		B201DA421B78EFA1003DBFF0 /* main.cpp */ = {isa = PBXFileReference; lastKnownFileType = sourcecode.cpp.cpp; path = main.cpp; sourceTree = "<group>"; };
		B201DA491B78EFDB003DBFF0 /* libopencv_videostab.3.0.0.dylib */ = {isa = PBXFileReference; lastKnownFileType = "compiled.mach-o.dylib"; name = libopencv_videostab.3.0.0.dylib; path = /usr/local/lib/libopencv_videostab.3.0.0.dylib; sourceTree = "<absolute>"; };
		B201DA4A1B78EFDB003DBFF0 /* libopencv_videostab.3.0.0.dylib */ = {isa = PBXFileReference; lastKnownFileType = "compiled.mach-o.dylib"; name = libopencv_videostab.3.0.0.dylib; path = /usr/local/lib/libopencv_videostab.3.0.0.dylib; sourceTree = "<absolute>"; };
		B201DA4B1B78EFDB003DBFF0 /* libopencv_videostab.3.0.0.dylib */ = {isa = PBXFileReference; lastKnownFileType = "compiled.mach-o.dylib"; name = libopencv_videostab.3.0.0.dylib; path = /usr/local/lib/libopencv_videostab.3.0.0.dylib; sourceTree = "<absolute>"; };
		B201DA4C1B78EFDB003DBFF0 /* libopencv_calib3d.3.0.0.dylib */ = {isa = PBXFileReference; lastKnownFileType = "compiled.mach-o.dylib"; name = libopencv_calib3d.3.0.0.dylib; path = /usr/local/lib/libopencv_calib3d.3.0.0.dylib; sourceTree = "<absolute>"; };
		B201DA4D1B78EFDB003DBFF0 /* libopencv_calib3d.3.0.0.dylib */ = {isa = PBXFileReference; lastKnownFileType = "compiled.mach-o.dylib"; name = libopencv_calib3d.3.0.0.dylib; path = /usr/local/lib/libopencv_calib3d.3.0.0.dylib; sourceTree = "<absolute>"; };
		B201DA4E1B78EFDB003DBFF0 /* libopencv_calib3d.3.0.0.dylib */ = {isa = PBXFileReference; lastKnownFileType = "compiled.mach-o.dylib"; name = libopencv_calib3d.3.0.0.dylib; path = /usr/local/lib/libopencv_calib3d.3.0.0.dylib; sourceTree = "<absolute>"; };
		B201DA4F1B78EFDB003DBFF0 /* libopencv_features2d.3.0.0.dylib */ = {isa = PBXFileReference; lastKnownFileType = "compiled.mach-o.dylib"; name = libopencv_features2d.3.0.0.dylib; path = /usr/local/lib/libopencv_features2d.3.0.0.dylib; sourceTree = "<absolute>"; };
		B201DA501B78EFDB003DBFF0 /* libopencv_features2d.3.0.0.dylib */ = {isa = PBXFileReference; lastKnownFileType = "compiled.mach-o.dylib"; name = libopencv_features2d.3.0.0.dylib; path = /usr/local/lib/libopencv_features2d.3.0.0.dylib; sourceTree = "<absolute>"; };
		B201DA511B78EFDB003DBFF0 /* libopencv_features2d.3.0.0.dylib */ = {isa = PBXFileReference; lastKnownFileType = "compiled.mach-o.dylib"; name = libopencv_features2d.3.0.0.dylib; path = /usr/local/lib/libopencv_features2d.3.0.0.dylib; sourceTree = "<absolute>"; };
		B201DA521B78EFDB003DBFF0 /* libopencv_flann.3.0.0.dylib */ = {isa = PBXFileReference; lastKnownFileType = "compiled.mach-o.dylib"; name = libopencv_flann.3.0.0.dylib; path = /usr/local/lib/libopencv_flann.3.0.0.dylib; sourceTree = "<absolute>"; };
		B201DA531B78EFDB003DBFF0 /* libopencv_flann.3.0.0.dylib */ = {isa = PBXFileReference; lastKnownFileType = "compiled.mach-o.dylib"; name = libopencv_flann.3.0.0.dylib; path = /usr/local/lib/libopencv_flann.3.0.0.dylib; sourceTree = "<absolute>"; };
		B201DA541B78EFDB003DBFF0 /* libopencv_highgui.3.0.0.dylib */ = {isa = PBXFileReference; lastKnownFileType = "compiled.mach-o.dylib"; name = libopencv_highgui.3.0.0.dylib; path = /usr/local/lib/libopencv_highgui.3.0.0.dylib; sourceTree = "<absolute>"; };
		B201DA551B78EFDB003DBFF0 /* libopencv_highgui.3.0.0.dylib */ = {isa = PBXFileReference; lastKnownFileType = "compiled.mach-o.dylib"; name = libopencv_highgui.3.0.0.dylib; path = /usr/local/lib/libopencv_highgui.3.0.0.dylib; sourceTree = "<absolute>"; };
		B201DA561B78EFDB003DBFF0 /* libopencv_highgui.3.0.0.dylib */ = {isa = PBXFileReference; lastKnownFileType = "compiled.mach-o.dylib"; name = libopencv_highgui.3.0.0.dylib; path = /usr/local/lib/libopencv_highgui.3.0.0.dylib; sourceTree = "<absolute>"; };
		B201DA571B78EFDB003DBFF0 /* libopencv_imgcodecs.3.0.0.dylib */ = {isa = PBXFileReference; lastKnownFileType = "compiled.mach-o.dylib"; name = libopencv_imgcodecs.3.0.0.dylib; path = /usr/local/lib/libopencv_imgcodecs.3.0.0.dylib; sourceTree = "<absolute>"; };
		B201DA581B78EFDB003DBFF0 /* libopencv_imgcodecs.3.0.0.dylib */ = {isa = PBXFileReference; lastKnownFileType = "compiled.mach-o.dylib"; name = libopencv_imgcodecs.3.0.0.dylib; path = /usr/local/lib/libopencv_imgcodecs.3.0.0.dylib; sourceTree = "<absolute>"; };
		B201DA591B78EFDB003DBFF0 /* libopencv_imgcodecs.3.0.0.dylib */ = {isa = PBXFileReference; lastKnownFileType = "compiled.mach-o.dylib"; name = libopencv_imgcodecs.3.0.0.dylib; path = /usr/local/lib/libopencv_imgcodecs.3.0.0.dylib; sourceTree = "<absolute>"; };
		B201DA5A1B78EFDB003DBFF0 /* libopencv_imgproc.3.0.0.dylib */ = {isa = PBXFileReference; lastKnownFileType = "compiled.mach-o.dylib"; name = libopencv_imgproc.3.0.0.dylib; path = /usr/local/lib/libopencv_imgproc.3.0.0.dylib; sourceTree = "<absolute>"; };
		B201DA5B1B78EFDB003DBFF0 /* libopencv_imgproc.3.0.0.dylib */ = {isa = PBXFileReference; lastKnownFileType = "compiled.mach-o.dylib"; name = libopencv_imgproc.3.0.0.dylib; path = /usr/local/lib/libopencv_imgproc.3.0.0.dylib; sourceTree = "<absolute>"; };
		B201DA5C1B78EFDB003DBFF0 /* libopencv_imgproc.3.0.0.dylib */ = {isa = PBXFileReference; lastKnownFileType = "compiled.mach-o.dylib"; name = libopencv_imgproc.3.0.0.dylib; path = /usr/local/lib/libopencv_imgproc.3.0.0.dylib; sourceTree = "<absolute>"; };
		B201DA5D1B78EFDB003DBFF0 /* libopencv_ml.3.0.0.dylib */ = {isa = PBXFileReference; lastKnownFileType = "compiled.mach-o.dylib"; name = libopencv_ml.3.0.0.dylib; path = /usr/local/lib/libopencv_ml.3.0.0.dylib; sourceTree = "<absolute>"; };
		B201DA5E1B78EFDB003DBFF0 /* libopencv_ml.3.0.0.dylib */ = {isa = PBXFileReference; lastKnownFileType = "compiled.mach-o.dylib"; name = libopencv_ml.3.0.0.dylib; path = /usr/local/lib/libopencv_ml.3.0.0.dylib; sourceTree = "<absolute>"; };
		B201DA5F1B78EFDB003DBFF0 /* libopencv_ml.3.0.0.dylib */ = {isa = PBXFileReference; lastKnownFileType = "compiled.mach-o.dylib"; name = libopencv_ml.3.0.0.dylib; path = /usr/local/lib/libopencv_ml.3.0.0.dylib; sourceTree = "<absolute>"; };
		B201DA601B78EFDB003DBFF0 /* libopencv_objdetect.3.0.0.dylib */ = {isa = PBXFileReference; lastKnownFileType = "compiled.mach-o.dylib"; name = libopencv_objdetect.3.0.0.dylib; path = /usr/local/lib/libopencv_objdetect.3.0.0.dylib; sourceTree = "<absolute>"; };
		B201DA611B78EFDB003DBFF0 /* libopencv_objdetect.3.0.0.dylib */ = {isa = PBXFileReference; lastKnownFileType = "compiled.mach-o.dylib"; name = libopencv_objdetect.3.0.0.dylib; path = /usr/local/lib/libopencv_objdetect.3.0.0.dylib; sourceTree = "<absolute>"; };
		B201DA621B78EFDB003DBFF0 /* libopencv_objdetect.3.0.0.dylib */ = {isa = PBXFileReference; lastKnownFileType = "compiled.mach-o.dylib"; name = libopencv_objdetect.3.0.0.dylib; path = /usr/local/lib/libopencv_objdetect.3.0.0.dylib; sourceTree = "<absolute>"; };
		B201DA631B78EFDB003DBFF0 /* libopencv_photo.3.0.0.dylib */ = {isa = PBXFileReference; lastKnownFileType = "compiled.mach-o.dylib"; name = libopencv_photo.3.0.0.dylib; path = /usr/local/lib/libopencv_photo.3.0.0.dylib; sourceTree = "<absolute>"; };
		B201DA641B78EFDB003DBFF0 /* libopencv_photo.3.0.0.dylib */ = {isa = PBXFileReference; lastKnownFileType = "compiled.mach-o.dylib"; name = libopencv_photo.3.0.0.dylib; path = /usr/local/lib/libopencv_photo.3.0.0.dylib; sourceTree = "<absolute>"; };
		B201DA651B78EFDB003DBFF0 /* libopencv_photo.3.0.0.dylib */ = {isa = PBXFileReference; lastKnownFileType = "compiled.mach-o.dylib"; name = libopencv_photo.3.0.0.dylib; path = /usr/local/lib/libopencv_photo.3.0.0.dylib; sourceTree = "<absolute>"; };
		B201DA661B78EFDB003DBFF0 /* libopencv_shape.3.0.0.dylib */ = {isa = PBXFileReference; lastKnownFileType = "compiled.mach-o.dylib"; name = libopencv_shape.3.0.0.dylib; path = /usr/local/lib/libopencv_shape.3.0.0.dylib; sourceTree = "<absolute>"; };
		B201DA671B78EFDB003DBFF0 /* libopencv_shape.3.0.0.dylib */ = {isa = PBXFileReference; lastKnownFileType = "compiled.mach-o.dylib"; name = libopencv_shape.3.0.0.dylib; path = /usr/local/lib/libopencv_shape.3.0.0.dylib; sourceTree = "<absolute>"; };
		B201DA681B78EFDB003DBFF0 /* libopencv_shape.3.0.0.dylib */ = {isa = PBXFileReference; lastKnownFileType = "compiled.mach-o.dylib"; name = libopencv_shape.3.0.0.dylib; path = /usr/local/lib/libopencv_shape.3.0.0.dylib; sourceTree = "<absolute>"; };
		B201DA691B78EFDB003DBFF0 /* libopencv_stitching.3.0.0.dylib */ = {isa = PBXFileReference; lastKnownFileType = "compiled.mach-o.dylib"; name = libopencv_stitching.3.0.0.dylib; path = /usr/local/lib/libopencv_stitching.3.0.0.dylib; sourceTree = "<absolute>"; };
		B201DA6A1B78EFDB003DBFF0 /* libopencv_stitching.3.0.0.dylib */ = {isa = PBXFileReference; lastKnownFileType = "compiled.mach-o.dylib"; name = libopencv_stitching.3.0.0.dylib; path = /usr/local/lib/libopencv_stitching.3.0.0.dylib; sourceTree = "<absolute>"; };
		B201DA6B1B78EFDB003DBFF0 /* libopencv_stitching.3.0.0.dylib */ = {isa = PBXFileReference; lastKnownFileType = "compiled.mach-o.dylib"; name = libopencv_stitching.3.0.0.dylib; path = /usr/local/lib/libopencv_stitching.3.0.0.dylib; sourceTree = "<absolute>"; };
		B201DA6C1B78EFDB003DBFF0 /* libopencv_superres.3.0.0.dylib */ = {isa = PBXFileReference; lastKnownFileType = "compiled.mach-o.dylib"; name = libopencv_superres.3.0.0.dylib; path = /usr/local/lib/libopencv_superres.3.0.0.dylib; sourceTree = "<absolute>"; };
		B201DA6D1B78EFDB003DBFF0 /* libopencv_superres.3.0.0.dylib */ = {isa = PBXFileReference; lastKnownFileType = "compiled.mach-o.dylib"; name = libopencv_superres.3.0.0.dylib; path = /usr/local/lib/libopencv_superres.3.0.0.dylib; sourceTree = "<absolute>"; };
		B201DA6E1B78EFDB003DBFF0 /* libopencv_superres.3.0.0.dylib */ = {isa = PBXFileReference; lastKnownFileType = "compiled.mach-o.dylib"; name = libopencv_superres.3.0.0.dylib; path = /usr/local/lib/libopencv_superres.3.0.0.dylib; sourceTree = "<absolute>"; };
		B201DA6F1B78EFDB003DBFF0 /* libopencv_ts.a */ = {isa = PBXFileReference; lastKnownFileType = archive.ar; name = libopencv_ts.a; path = /usr/local/lib/libopencv_ts.a; sourceTree = "<absolute>"; };
		B201DA701B78EFDB003DBFF0 /* libopencv_video.3.0.0.dylib */ = {isa = PBXFileReference; lastKnownFileType = "compiled.mach-o.dylib"; name = libopencv_video.3.0.0.dylib; path = /usr/local/lib/libopencv_video.3.0.0.dylib; sourceTree = "<absolute>"; };
		B201DA711B78EFDB003DBFF0 /* libopencv_video.3.0.0.dylib */ = {isa = PBXFileReference; lastKnownFileType = "compiled.mach-o.dylib"; name = libopencv_video.3.0.0.dylib; path = /usr/local/lib/libopencv_video.3.0.0.dylib; sourceTree = "<absolute>"; };
		B201DA721B78EFDB003DBFF0 /* libopencv_video.3.0.0.dylib */ = {isa = PBXFileReference; lastKnownFileType = "compiled.mach-o.dylib"; name = libopencv_video.3.0.0.dylib; path = /usr/local/lib/libopencv_video.3.0.0.dylib; sourceTree = "<absolute>"; };
		B201DA731B78EFDB003DBFF0 /* libopencv_videoio.3.0.0.dylib */ = {isa = PBXFileReference; lastKnownFileType = "compiled.mach-o.dylib"; name = libopencv_videoio.3.0.0.dylib; path = /usr/local/lib/libopencv_videoio.3.0.0.dylib; sourceTree = "<absolute>"; };
		B201DA741B78EFDB003DBFF0 /* libopencv_videoio.3.0.0.dylib */ = {isa = PBXFileReference; lastKnownFileType = "compiled.mach-o.dylib"; name = libopencv_videoio.3.0.0.dylib; path = /usr/local/lib/libopencv_videoio.3.0.0.dylib; sourceTree = "<absolute>"; };
		B201DA751B78EFDB003DBFF0 /* libopencv_videoio.3.0.0.dylib */ = {isa = PBXFileReference; lastKnownFileType = "compiled.mach-o.dylib"; name = libopencv_videoio.3.0.0.dylib; path = /usr/local/lib/libopencv_videoio.3.0.0.dylib; sourceTree = "<absolute>"; };
		B201DA761B78EFDB003DBFF0 /* libopencv_core.3.0.0.dylib */ = {isa = PBXFileReference; lastKnownFileType = "compiled.mach-o.dylib"; name = libopencv_core.3.0.0.dylib; path = /usr/local/lib/libopencv_core.3.0.0.dylib; sourceTree = "<absolute>"; };
		B201DA771B78EFDB003DBFF0 /* libopencv_core.3.0.0.dylib */ = {isa = PBXFileReference; lastKnownFileType = "compiled.mach-o.dylib"; name = libopencv_core.3.0.0.dylib; path = /usr/local/lib/libopencv_core.3.0.0.dylib; sourceTree = "<absolute>"; };
		B201DA781B78EFDB003DBFF0 /* libopencv_core.3.0.0.dylib */ = {isa = PBXFileReference; lastKnownFileType = "compiled.mach-o.dylib"; name = libopencv_core.3.0.0.dylib; path = /usr/local/lib/libopencv_core.3.0.0.dylib; sourceTree = "<absolute>"; };
		B201DA791B78EFDB003DBFF0 /* libopencv_flann.3.0.0.dylib */ = {isa = PBXFileReference; lastKnownFileType = "compiled.mach-o.dylib"; name = libopencv_flann.3.0.0.dylib; path = /usr/local/lib/libopencv_flann.3.0.0.dylib; sourceTree = "<absolute>"; };
		B201DA7A1B78EFDB003DBFF0 /* libopencv_hal.a */ = {isa = PBXFileReference; lastKnownFileType = archive.ar; name = libopencv_hal.a; path = /usr/local/lib/libopencv_hal.a; sourceTree = "<absolute>"; };
/* End PBXFileReference section */

/* Begin PBXFrameworksBuildPhase section */
		B201DA3C1B78EFA1003DBFF0 /* Frameworks */ = {
			isa = PBXFrameworksBuildPhase;
			buildActionMask = 2147483647;
			files = (
				B201DAA51B78EFDB003DBFF0 /* libopencv_video.3.0.0.dylib in Frameworks */,
				B201DA8E1B78EFDB003DBFF0 /* libopencv_imgproc.3.0.0.dylib in Frameworks */,
				B201DA841B78EFDB003DBFF0 /* libopencv_features2d.3.0.0.dylib in Frameworks */,
				B201DA801B78EFDB003DBFF0 /* libopencv_calib3d.3.0.0.dylib in Frameworks */,
				B201DA901B78EFDB003DBFF0 /* libopencv_ml.3.0.0.dylib in Frameworks */,
				B201DA9A1B78EFDB003DBFF0 /* libopencv_shape.3.0.0.dylib in Frameworks */,
				B201DA8C1B78EFDB003DBFF0 /* libopencv_imgcodecs.3.0.0.dylib in Frameworks */,
				B201DA961B78EFDB003DBFF0 /* libopencv_photo.3.0.0.dylib in Frameworks */,
				B201DAA71B78EFDB003DBFF0 /* libopencv_videoio.3.0.0.dylib in Frameworks */,
				B201DA9E1B78EFDB003DBFF0 /* libopencv_stitching.3.0.0.dylib in Frameworks */,
				B201DAA81B78EFDB003DBFF0 /* libopencv_videoio.3.0.0.dylib in Frameworks */,
				B201DA8A1B78EFDB003DBFF0 /* libopencv_imgcodecs.3.0.0.dylib in Frameworks */,
				B201DA941B78EFDB003DBFF0 /* libopencv_objdetect.3.0.0.dylib in Frameworks */,
				B201DA851B78EFDB003DBFF0 /* libopencv_flann.3.0.0.dylib in Frameworks */,
				B201DA9D1B78EFDB003DBFF0 /* libopencv_stitching.3.0.0.dylib in Frameworks */,
				B201DA971B78EFDB003DBFF0 /* libopencv_photo.3.0.0.dylib in Frameworks */,
				B201DAA11B78EFDB003DBFF0 /* libopencv_superres.3.0.0.dylib in Frameworks */,
				B201DA7E1B78EFDB003DBFF0 /* libopencv_videostab.3.0.0.dylib in Frameworks */,
				B201DAA61B78EFDB003DBFF0 /* libopencv_videoio.3.0.0.dylib in Frameworks */,
				B201DA9B1B78EFDB003DBFF0 /* libopencv_shape.3.0.0.dylib in Frameworks */,
				B201DAAC1B78EFDB003DBFF0 /* libopencv_flann.3.0.0.dylib in Frameworks */,
				B201DA951B78EFDB003DBFF0 /* libopencv_objdetect.3.0.0.dylib in Frameworks */,
				B201DA861B78EFDB003DBFF0 /* libopencv_flann.3.0.0.dylib in Frameworks */,
				B201DAA31B78EFDB003DBFF0 /* libopencv_video.3.0.0.dylib in Frameworks */,
				B201DA911B78EFDB003DBFF0 /* libopencv_ml.3.0.0.dylib in Frameworks */,
				B201DA831B78EFDB003DBFF0 /* libopencv_features2d.3.0.0.dylib in Frameworks */,
				B201DA8D1B78EFDB003DBFF0 /* libopencv_imgproc.3.0.0.dylib in Frameworks */,
				B201DA8F1B78EFDB003DBFF0 /* libopencv_imgproc.3.0.0.dylib in Frameworks */,
				B201DA871B78EFDB003DBFF0 /* libopencv_highgui.3.0.0.dylib in Frameworks */,
				B201DA921B78EFDB003DBFF0 /* libopencv_ml.3.0.0.dylib in Frameworks */,
				B201DAAD1B78EFDB003DBFF0 /* libopencv_hal.a in Frameworks */,
				B201DAA01B78EFDB003DBFF0 /* libopencv_superres.3.0.0.dylib in Frameworks */,
				B201DA9C1B78EFDB003DBFF0 /* libopencv_stitching.3.0.0.dylib in Frameworks */,
				B201DAA21B78EFDB003DBFF0 /* libopencv_ts.a in Frameworks */,
				B201DAA41B78EFDB003DBFF0 /* libopencv_video.3.0.0.dylib in Frameworks */,
				B201DA881B78EFDB003DBFF0 /* libopencv_highgui.3.0.0.dylib in Frameworks */,
				B201DA891B78EFDB003DBFF0 /* libopencv_highgui.3.0.0.dylib in Frameworks */,
				B201DAAB1B78EFDB003DBFF0 /* libopencv_core.3.0.0.dylib in Frameworks */,
				B201DA981B78EFDB003DBFF0 /* libopencv_photo.3.0.0.dylib in Frameworks */,
				B201DA9F1B78EFDB003DBFF0 /* libopencv_superres.3.0.0.dylib in Frameworks */,
				B201DA991B78EFDB003DBFF0 /* libopencv_shape.3.0.0.dylib in Frameworks */,
				B201DA7D1B78EFDB003DBFF0 /* libopencv_videostab.3.0.0.dylib in Frameworks */,
				B201DAA91B78EFDB003DBFF0 /* libopencv_core.3.0.0.dylib in Frameworks */,
				B201DA811B78EFDB003DBFF0 /* libopencv_calib3d.3.0.0.dylib in Frameworks */,
				B201DA931B78EFDB003DBFF0 /* libopencv_objdetect.3.0.0.dylib in Frameworks */,
				B201DAAA1B78EFDB003DBFF0 /* libopencv_core.3.0.0.dylib in Frameworks */,
				B201DA821B78EFDB003DBFF0 /* libopencv_features2d.3.0.0.dylib in Frameworks */,
				B201DA8B1B78EFDB003DBFF0 /* libopencv_imgcodecs.3.0.0.dylib in Frameworks */,
				B201DA7C1B78EFDB003DBFF0 /* libopencv_videostab.3.0.0.dylib in Frameworks */,
				B201DA7F1B78EFDB003DBFF0 /* libopencv_calib3d.3.0.0.dylib in Frameworks */,
			);
			runOnlyForDeploymentPostprocessing = 0;
		};
/* End PBXFrameworksBuildPhase section */

/* Begin PBXGroup section */
		B201DA361B78EFA1003DBFF0 = {
			isa = PBXGroup;
			children = (
				B201DA7B1B78EFDB003DBFF0 /* dylib */,
				B201DA411B78EFA1003DBFF0 /* findContours */,
				B201DA401B78EFA1003DBFF0 /* Products */,
			);
			sourceTree = "<group>";
		};
		B201DA401B78EFA1003DBFF0 /* Products */ = {
			isa = PBXGroup;
			children = (
				B201DA3F1B78EFA1003DBFF0 /* findContours */,
			);
			name = Products;
			sourceTree = "<group>";
		};
		B201DA411B78EFA1003DBFF0 /* findContours */ = {
			isa = PBXGroup;
			children = (
				B201DA421B78EFA1003DBFF0 /* main.cpp */,
			);
			path = findContours;
			sourceTree = "<group>";
		};
		B201DA7B1B78EFDB003DBFF0 /* dylib */ = {
			isa = PBXGroup;
			children = (
				B201DA491B78EFDB003DBFF0 /* libopencv_videostab.3.0.0.dylib */,
				B201DA4A1B78EFDB003DBFF0 /* libopencv_videostab.3.0.0.dylib */,
				B201DA4B1B78EFDB003DBFF0 /* libopencv_videostab.3.0.0.dylib */,
				B201DA4C1B78EFDB003DBFF0 /* libopencv_calib3d.3.0.0.dylib */,
				B201DA4D1B78EFDB003DBFF0 /* libopencv_calib3d.3.0.0.dylib */,
				B201DA4E1B78EFDB003DBFF0 /* libopencv_calib3d.3.0.0.dylib */,
				B201DA4F1B78EFDB003DBFF0 /* libopencv_features2d.3.0.0.dylib */,
				B201DA501B78EFDB003DBFF0 /* libopencv_features2d.3.0.0.dylib */,
				B201DA511B78EFDB003DBFF0 /* libopencv_features2d.3.0.0.dylib */,
				B201DA521B78EFDB003DBFF0 /* libopencv_flann.3.0.0.dylib */,
				B201DA531B78EFDB003DBFF0 /* libopencv_flann.3.0.0.dylib */,
				B201DA541B78EFDB003DBFF0 /* libopencv_highgui.3.0.0.dylib */,
				B201DA551B78EFDB003DBFF0 /* libopencv_highgui.3.0.0.dylib */,
				B201DA561B78EFDB003DBFF0 /* libopencv_highgui.3.0.0.dylib */,
				B201DA571B78EFDB003DBFF0 /* libopencv_imgcodecs.3.0.0.dylib */,
				B201DA581B78EFDB003DBFF0 /* libopencv_imgcodecs.3.0.0.dylib */,
				B201DA591B78EFDB003DBFF0 /* libopencv_imgcodecs.3.0.0.dylib */,
				B201DA5A1B78EFDB003DBFF0 /* libopencv_imgproc.3.0.0.dylib */,
				B201DA5B1B78EFDB003DBFF0 /* libopencv_imgproc.3.0.0.dylib */,
				B201DA5C1B78EFDB003DBFF0 /* libopencv_imgproc.3.0.0.dylib */,
				B201DA5D1B78EFDB003DBFF0 /* libopencv_ml.3.0.0.dylib */,
				B201DA5E1B78EFDB003DBFF0 /* libopencv_ml.3.0.0.dylib */,
				B201DA5F1B78EFDB003DBFF0 /* libopencv_ml.3.0.0.dylib */,
				B201DA601B78EFDB003DBFF0 /* libopencv_objdetect.3.0.0.dylib */,
				B201DA611B78EFDB003DBFF0 /* libopencv_objdetect.3.0.0.dylib */,
				B201DA621B78EFDB003DBFF0 /* libopencv_objdetect.3.0.0.dylib */,
				B201DA631B78EFDB003DBFF0 /* libopencv_photo.3.0.0.dylib */,
				B201DA641B78EFDB003DBFF0 /* libopencv_photo.3.0.0.dylib */,
				B201DA651B78EFDB003DBFF0 /* libopencv_photo.3.0.0.dylib */,
				B201DA661B78EFDB003DBFF0 /* libopencv_shape.3.0.0.dylib */,
				B201DA671B78EFDB003DBFF0 /* libopencv_shape.3.0.0.dylib */,
				B201DA681B78EFDB003DBFF0 /* libopencv_shape.3.0.0.dylib */,
				B201DA691B78EFDB003DBFF0 /* libopencv_stitching.3.0.0.dylib */,
				B201DA6A1B78EFDB003DBFF0 /* libopencv_stitching.3.0.0.dylib */,
				B201DA6B1B78EFDB003DBFF0 /* libopencv_stitching.3.0.0.dylib */,
				B201DA6C1B78EFDB003DBFF0 /* libopencv_superres.3.0.0.dylib */,
				B201DA6D1B78EFDB003DBFF0 /* libopencv_superres.3.0.0.dylib */,
				B201DA6E1B78EFDB003DBFF0 /* libopencv_superres.3.0.0.dylib */,
				B201DA6F1B78EFDB003DBFF0 /* libopencv_ts.a */,
				B201DA701B78EFDB003DBFF0 /* libopencv_video.3.0.0.dylib */,
				B201DA711B78EFDB003DBFF0 /* libopencv_video.3.0.0.dylib */,
				B201DA721B78EFDB003DBFF0 /* libopencv_video.3.0.0.dylib */,
				B201DA731B78EFDB003DBFF0 /* libopencv_videoio.3.0.0.dylib */,
				B201DA741B78EFDB003DBFF0 /* libopencv_videoio.3.0.0.dylib */,
				B201DA751B78EFDB003DBFF0 /* libopencv_videoio.3.0.0.dylib */,
				B201DA761B78EFDB003DBFF0 /* libopencv_core.3.0.0.dylib */,
				B201DA771B78EFDB003DBFF0 /* libopencv_core.3.0.0.dylib */,
				B201DA781B78EFDB003DBFF0 /* libopencv_core.3.0.0.dylib */,
				B201DA791B78EFDB003DBFF0 /* libopencv_flann.3.0.0.dylib */,
				B201DA7A1B78EFDB003DBFF0 /* libopencv_hal.a */,
			);
			name = dylib;
			path = ../HelloCV;
			sourceTree = "<group>";
		};
/* End PBXGroup section */

/* Begin PBXNativeTarget section */
		B201DA3E1B78EFA1003DBFF0 /* findContours */ = {
			isa = PBXNativeTarget;
			buildConfigurationList = B201DA461B78EFA1003DBFF0 /* Build configuration list for PBXNativeTarget "findContours" */;
			buildPhases = (
				B201DA3B1B78EFA1003DBFF0 /* Sources */,
				B201DA3C1B78EFA1003DBFF0 /* Frameworks */,
				B201DA3D1B78EFA1003DBFF0 /* CopyFiles */,
			);
			buildRules = (
			);
			dependencies = (
			);
			name = findContours;
			productName = findContours;
			productReference = B201DA3F1B78EFA1003DBFF0 /* findContours */;
			productType = "com.apple.product-type.tool";
		};
/* End PBXNativeTarget section */

/* Begin PBXProject section */
		B201DA371B78EFA1003DBFF0 /* Project object */ = {
			isa = PBXProject;
			attributes = {
				LastUpgradeCheck = 0630;
				ORGANIZATIONNAME = albert;
				TargetAttributes = {
					B201DA3E1B78EFA1003DBFF0 = {
						CreatedOnToolsVersion = 6.3.2;
					};
				};
			};
			buildConfigurationList = B201DA3A1B78EFA1003DBFF0 /* Build configuration list for PBXProject "findContours" */;
			compatibilityVersion = "Xcode 3.2";
			developmentRegion = English;
			hasScannedForEncodings = 0;
			knownRegions = (
				en,
			);
			mainGroup = B201DA361B78EFA1003DBFF0;
			productRefGroup = B201DA401B78EFA1003DBFF0 /* Products */;
			projectDirPath = "";
			projectRoot = "";
			targets = (
				B201DA3E1B78EFA1003DBFF0 /* findContours */,
			);
		};
/* End PBXProject section */

/* Begin PBXSourcesBuildPhase section */
		B201DA3B1B78EFA1003DBFF0 /* Sources */ = {
			isa = PBXSourcesBuildPhase;
			buildActionMask = 2147483647;
			files = (
				B201DA431B78EFA1003DBFF0 /* main.cpp in Sources */,
			);
			runOnlyForDeploymentPostprocessing = 0;
		};
/* End PBXSourcesBuildPhase section */

/* Begin XCBuildConfiguration section */
		B201DA441B78EFA1003DBFF0 /* Debug */ = {
			isa = XCBuildConfiguration;
			buildSettings = {
				ALWAYS_SEARCH_USER_PATHS = NO;
				CLANG_CXX_LANGUAGE_STANDARD = "gnu++0x";
				CLANG_CXX_LIBRARY = "libc++";
				CLANG_ENABLE_MODULES = YES;
				CLANG_ENABLE_OBJC_ARC = YES;
				CLANG_WARN_BOOL_CONVERSION = YES;
				CLANG_WARN_CONSTANT_CONVERSION = YES;
				CLANG_WARN_DIRECT_OBJC_ISA_USAGE = YES_ERROR;
				CLANG_WARN_EMPTY_BODY = YES;
				CLANG_WARN_ENUM_CONVERSION = YES;
				CLANG_WARN_INT_CONVERSION = YES;
				CLANG_WARN_OBJC_ROOT_CLASS = YES_ERROR;
				CLANG_WARN_UNREACHABLE_CODE = YES;
				CLANG_WARN__DUPLICATE_METHOD_MATCH = YES;
				COPY_PHASE_STRIP = NO;
				DEBUG_INFORMATION_FORMAT = dwarf;
				ENABLE_STRICT_OBJC_MSGSEND = YES;
				GCC_C_LANGUAGE_STANDARD = gnu99;
				GCC_DYNAMIC_NO_PIC = NO;
				GCC_NO_COMMON_BLOCKS = YES;
				GCC_OPTIMIZATION_LEVEL = 0;
				GCC_PREPROCESSOR_DEFINITIONS = (
					"DEBUG=1",
					"$(inherited)",
				);
				GCC_SYMBOLS_PRIVATE_EXTERN = NO;
				GCC_WARN_64_TO_32_BIT_CONVERSION = YES;
				GCC_WARN_ABOUT_RETURN_TYPE = YES_ERROR;
				GCC_WARN_UNDECLARED_SELECTOR = YES;
				GCC_WARN_UNINITIALIZED_AUTOS = YES_AGGRESSIVE;
				GCC_WARN_UNUSED_FUNCTION = YES;
				GCC_WARN_UNUSED_VARIABLE = YES;
				HEADER_SEARCH_PATHS = (
					"$(inherited)",
					/Applications/Xcode.app/Contents/Developer/Toolchains/XcodeDefault.xctoolchain/usr/include,
					/usr/local/include/,
					/usr/local/include/opencv,
					/usr/local/include/opencv2,
				);
				LIBRARY_SEARCH_PATHS = /usr/local/lib;
				MACOSX_DEPLOYMENT_TARGET = 10.10;
				MTL_ENABLE_DEBUG_INFO = YES;
				ONLY_ACTIVE_ARCH = YES;
				SDKROOT = macosx;
			};
			name = Debug;
		};
		B201DA451B78EFA1003DBFF0 /* Release */ = {
			isa = XCBuildConfiguration;
			buildSettings = {
				ALWAYS_SEARCH_USER_PATHS = NO;
				CLANG_CXX_LANGUAGE_STANDARD = "gnu++0x";
				CLANG_CXX_LIBRARY = "libc++";
				CLANG_ENABLE_MODULES = YES;
				CLANG_ENABLE_OBJC_ARC = YES;
				CLANG_WARN_BOOL_CONVERSION = YES;
				CLANG_WARN_CONSTANT_CONVERSION = YES;
				CLANG_WARN_DIRECT_OBJC_ISA_USAGE = YES_ERROR;
				CLANG_WARN_EMPTY_BODY = YES;
				CLANG_WARN_ENUM_CONVERSION = YES;
				CLANG_WARN_INT_CONVERSION = YES;
				CLANG_WARN_OBJC_ROOT_CLASS = YES_ERROR;
				CLANG_WARN_UNREACHABLE_CODE = YES;
				CLANG_WARN__DUPLICATE_METHOD_MATCH = YES;
				COPY_PHASE_STRIP = NO;
				DEBUG_INFORMATION_FORMAT = "dwarf-with-dsym";
				ENABLE_NS_ASSERTIONS = NO;
				ENABLE_STRICT_OBJC_MSGSEND = YES;
				GCC_C_LANGUAGE_STANDARD = gnu99;
				GCC_NO_COMMON_BLOCKS = YES;
				GCC_WARN_64_TO_32_BIT_CONVERSION = YES;
				GCC_WARN_ABOUT_RETURN_TYPE = YES_ERROR;
				GCC_WARN_UNDECLARED_SELECTOR = YES;
				GCC_WARN_UNINITIALIZED_AUTOS = YES_AGGRESSIVE;
				GCC_WARN_UNUSED_FUNCTION = YES;
				GCC_WARN_UNUSED_VARIABLE = YES;
				HEADER_SEARCH_PATHS = (
					"$(inherited)",
					/Applications/Xcode.app/Contents/Developer/Toolchains/XcodeDefault.xctoolchain/usr/include,
					/usr/local/include/,
					/usr/local/include/opencv,
					/usr/local/include/opencv2,
				);
				LIBRARY_SEARCH_PATHS = /usr/local/lib;
				MACOSX_DEPLOYMENT_TARGET = 10.10;
				MTL_ENABLE_DEBUG_INFO = NO;
				SDKROOT = macosx;
			};
			name = Release;
		};
		B201DA471B78EFA1003DBFF0 /* Debug */ = {
			isa = XCBuildConfiguration;
			buildSettings = {
				PRODUCT_NAME = "$(TARGET_NAME)";
			};
			name = Debug;
		};
		B201DA481B78EFA1003DBFF0 /* Release */ = {
			isa = XCBuildConfiguration;
			buildSettings = {
				PRODUCT_NAME = "$(TARGET_NAME)";
			};
			name = Release;
		};
/* End XCBuildConfiguration section */

/* Begin XCConfigurationList section */
		B201DA3A1B78EFA1003DBFF0 /* Build configuration list for PBXProject "findContours" */ = {
			isa = XCConfigurationList;
			buildConfigurations = (
				B201DA441B78EFA1003DBFF0 /* Debug */,
				B201DA451B78EFA1003DBFF0 /* Release */,
			);
			defaultConfigurationIsVisible = 0;
			defaultConfigurationName = Release;
		};
		B201DA461B78EFA1003DBFF0 /* Build configuration list for PBXNativeTarget "findContours" */ = {
			isa = XCConfigurationList;
			buildConfigurations = (
				B201DA471B78EFA1003DBFF0 /* Debug */,
				B201DA481B78EFA1003DBFF0 /* Release */,
			);
			defaultConfigurationIsVisible = 0;
			defaultConfigurationName = Release;
		};
/* End XCConfigurationList section */
	};
	rootObject = B201DA371B78EFA1003DBFF0 /* Project object */;
}
